
Microsoft Visual Studio Solution File, Format Version 12.00
# Visual Studio Version 16
VisualStudioVersion = 16.0.30517.126
MinimumVisualStudioVersion = 10.0.40219.1
Project("{8BC9CEB8-8B4A-11D0-8D11-00A0C91BC942}") = "exercice1", "exercice1\exercice1.vcxproj", "{15599C8B-3612-4100-8FB9-C0093834DD66}"
EndProject
Project("{8BC9CEB8-8B4A-11D0-8D11-00A0C91BC942}") = "exercice2", "exercice2\exercice2.vcxproj", "{4D9508D0-F4C3-44FF-B1E4-875E1E652EAE}"
EndProject
Project("{8BC9CEB8-8B4A-11D0-8D11-00A0C91BC942}") = "exercice3", "exercice3\exercice3.vcxproj", "{A3B7DD13-3927-4ED2-8DE1-9112D85D9657}"
EndProject
Global
	GlobalSection(SolutionConfigurationPlatforms) = preSolution
		Debug|x64 = Debug|x64
		Debug|x86 = Debug|x86
		Release|x64 = Release|x64
		Release|x86 = Release|x86
	EndGlobalSection
	GlobalSection(ProjectConfigurationPlatforms) = postSolution
		{15599C8B-3612-4100-8FB9-C0093834DD66}.Debug|x64.ActiveCfg = Debug|x64
		{15599C8B-3612-4100-8FB9-C0093834DD66}.Debug|x64.Build.0 = Debug|x64
		{15599C8B-3612-4100-8FB9-C0093834DD66}.Debug|x86.ActiveCfg = Debug|Win32
		{15599C8B-3612-4100-8FB9-C0093834DD66}.Debug|x86.Build.0 = Debug|Win32
		{15599C8B-3612-4100-8FB9-C0093834DD66}.Release|x64.ActiveCfg = Release|x64
		{15599C8B-3612-4100-8FB9-C0093834DD66}.Release|x64.Build.0 = Release|x64
		{15599C8B-3612-4100-8FB9-C0093834DD66}.Release|x86.ActiveCfg = Release|Win32
		{15599C8B-3612-4100-8FB9-C0093834DD66}.Release|x86.Build.0 = Release|Win32
		{4D9508D0-F4C3-44FF-B1E4-875E1E652EAE}.Debug|x64.ActiveCfg = Debug|x64
		{4D9508D0-F4C3-44FF-B1E4-875E1E652EAE}.Debug|x64.Build.0 = Debug|x64
		{4D9508D0-F4C3-44FF-B1E4-875E1E652EAE}.Debug|x86.ActiveCfg = Debug|Win32
		{4D9508D0-F4C3-44FF-B1E4-875E1E652EAE}.Debug|x86.Build.0 = Debug|Win32
		{4D9508D0-F4C3-44FF-B1E4-875E1E652EAE}.Release|x64.ActiveCfg = Release|x64
		{4D9508D0-F4C3-44FF-B1E4-875E1E652EAE}.Release|x64.Build.0 = Release|x64
		{4D9508D0-F4C3-44FF-B1E4-875E1E652EAE}.Release|x86.ActiveCfg = Release|Win32
		{4D9508D0-F4C3-44FF-B1E4-875E1E652EAE}.Release|x86.Build.0 = Release|Win32
		{A3B7DD13-3927-4ED2-8DE1-9112D85D9657}.Debug|x64.ActiveCfg = Debug|x64
		{A3B7DD13-3927-4ED2-8DE1-9112D85D9657}.Debug|x64.Build.0 = Debug|x64
		{A3B7DD13-3927-4ED2-8DE1-9112D85D9657}.Debug|x86.ActiveCfg = Debug|Win32
		{A3B7DD13-3927-4ED2-8DE1-9112D85D9657}.Debug|x86.Build.0 = Debug|Win32
		{A3B7DD13-3927-4ED2-8DE1-9112D85D9657}.Release|x64.ActiveCfg = Release|x64
		{A3B7DD13-3927-4ED2-8DE1-9112D85D9657}.Release|x64.Build.0 = Release|x64
		{A3B7DD13-3927-4ED2-8DE1-9112D85D9657}.Release|x86.ActiveCfg = Release|Win32
		{A3B7DD13-3927-4ED2-8DE1-9112D85D9657}.Release|x86.Build.0 = Release|Win32
	EndGlobalSection
	GlobalSection(SolutionProperties) = preSolution
		HideSolutionNode = FALSE
	EndGlobalSection
	GlobalSection(ExtensibilityGlobals) = postSolution
		SolutionGuid = {E0F1FDA6-F7B4-44B5-BB6F-2A859AABF3C4}
	EndGlobalSection
EndGlobal
